PODS:
  - BaseModel (2.6.3)
  - DTModelStorage (0.9.1):
    - DTModelStorage/All
  - DTModelStorage/All (0.9.1):
    - DTModelStorage/CoreDataStorage
    - DTModelStorage/MemoryStorage
    - DTModelStorage/ModelTransfer
  - DTModelStorage/Core (0.9.1)
  - DTModelStorage/CoreDataStorage (0.9.1):
    - DTModelStorage/Core
  - DTModelStorage/MemoryStorage (0.9.1):
    - DTModelStorage/Core
  - DTModelStorage/ModelTransfer (0.9.1)
  - DTTableViewManager (2.7.3):
    - DTModelStorage (~> 0.9.1)
  - HRCoder (1.3.1)
  - PureLayout (1.1.0)

DEPENDENCIES:
  - BaseModel
  - DTModelStorage
  - DTTableViewManager
  - HRCoder
  - PureLayout

SPEC CHECKSUMS:
  BaseModel: b3a407ff22a7c38a51cb5306988fe6d4e6f9bf1d
  DTModelStorage: 243ea35bb59bf2b72ded34a2c30301493e8dd257
  DTTableViewManager: ea83ab9c953834f62190555455a5e4449ef78a8f
  HRCoder: 0952826ddf4213a11be775d01446f61a5df987a4
  PureLayout: c8960fa0f3b40d849d5e177d699d0148faa63b63

COCOAPODS: 0.33.1
